// !$*UTF8*$!
{
	archiveVersion = 1;
	classes = {
	};
	objectVersion = 56;
	objects = {

/* Begin PBXBuildFile section */
		B00001 /* BeeGardenApp.swift in Sources */ = {isa = PBXBuildFile; fileRef = A00001 /* BeeGardenApp.swift */; };
		B00002 /* ContentView.swift in Sources */ = {isa = PBXBuildFile; fileRef = A00002 /* ContentView.swift */; };
		B00003 /* Colors.swift in Sources */ = {isa = PBXBuildFile; fileRef = A00003 /* Colors.swift */; };
		B00004 /* Typography.swift in Sources */ = {isa = PBXBuildFile; fileRef = A00004 /* Typography.swift */; };
		B00005 /* BeeCardStyle.swift in Sources */ = {isa = PBXBuildFile; fileRef = A00005 /* BeeCardStyle.swift */; };
		B00006 /* Models.swift in Sources */ = {isa = PBXBuildFile; fileRef = A00006 /* Models.swift */; };
		B00007 /* GameState.swift in Sources */ = {isa = PBXBuildFile; fileRef = A00007 /* GameState.swift */; };
		B00008 /* BeeHeader.swift in Sources */ = {isa = PBXBuildFile; fileRef = A00008 /* BeeHeader.swift */; };
		B00009 /* FarmView.swift in Sources */ = {isa = PBXBuildFile; fileRef = A00009 /* FarmView.swift */; };
		B00010 /* SeedPouchView.swift in Sources */ = {isa = PBXBuildFile; fileRef = A00010 /* SeedPouchView.swift */; };
		B00011 /* HivesView.swift in Sources */ = {isa = PBXBuildFile; fileRef = A00011 /* HivesView.swift */; };
		B00012 /* MarketView.swift in Sources */ = {isa = PBXBuildFile; fileRef = A00012 /* MarketView.swift */; };
		B00013 /* NPCRequestView.swift in Sources */ = {isa = PBXBuildFile; fileRef = A00013 /* NPCRequestView.swift */; };
/* End PBXBuildFile section */

/* Begin PBXFileReference section */
		A00001 /* BeeGardenApp.swift */ = {isa = PBXFileReference; lastKnownFileType = sourcecode.swift; path = BeeGardenApp.swift; sourceTree = "<group>"; };
		A00002 /* ContentView.swift */ = {isa = PBXFileReference; lastKnownFileType = sourcecode.swift; path = ContentView.swift; sourceTree = "<group>"; };
		A00003 /* Colors.swift */ = {isa = PBXFileReference; lastKnownFileType = sourcecode.swift; path = Colors.swift; sourceTree = "<group>"; };
		A00004 /* Typography.swift */ = {isa = PBXFileReference; lastKnownFileType = sourcecode.swift; path = Typography.swift; sourceTree = "<group>"; };
		A00005 /* BeeCardStyle.swift */ = {isa = PBXFileReference; lastKnownFileType = sourcecode.swift; path = BeeCardStyle.swift; sourceTree = "<group>"; };
		A00006 /* Models.swift */ = {isa = PBXFileReference; lastKnownFileType = sourcecode.swift; path = Models.swift; sourceTree = "<group>"; };
		A00007 /* GameState.swift */ = {isa = PBXFileReference; lastKnownFileType = sourcecode.swift; path = GameState.swift; sourceTree = "<group>"; };
		A00008 /* BeeHeader.swift */ = {isa = PBXFileReference; lastKnownFileType = sourcecode.swift; path = BeeHeader.swift; sourceTree = "<group>"; };
		A00009 /* FarmView.swift */ = {isa = PBXFileReference; lastKnownFileType = sourcecode.swift; path = FarmView.swift; sourceTree = "<group>"; };
		A00010 /* SeedPouchView.swift */ = {isa = PBXFileReference; lastKnownFileType = sourcecode.swift; path = SeedPouchView.swift; sourceTree = "<group>"; };
		A00011 /* HivesView.swift */ = {isa = PBXFileReference; lastKnownFileType = sourcecode.swift; path = HivesView.swift; sourceTree = "<group>"; };
		A00012 /* MarketView.swift */ = {isa = PBXFileReference; lastKnownFileType = sourcecode.swift; path = MarketView.swift; sourceTree = "<group>"; };
		A00013 /* NPCRequestView.swift */ = {isa = PBXFileReference; lastKnownFileType = sourcecode.swift; path = NPCRequestView.swift; sourceTree = "<group>"; };
		PROD001 /* BeeGarden.app */ = {isa = PBXFileReference; explicitFileType = wrapper.application; includeInIndex = 0; path = BeeGarden.app; sourceTree = BUILT_PRODUCTS_DIR; };
/* End PBXFileReference section */

/* Begin PBXFrameworksBuildPhase section */
		FRMWK01 = {
			isa = PBXFrameworksBuildPhase;
			buildActionMask = 2147483647;
			files = ();
			runOnlyForDeploymentPostprocessing = 0;
		};
/* End PBXFrameworksBuildPhase section */

/* Begin PBXGroup section */
		ROOT = {
			isa = PBXGroup;
			children = (
				GRPAPP,
				PROD000,
			);
			sourceTree = "<group>";
		};
		PROD000 /* Products */ = {
			isa = PBXGroup;
			children = (
				PROD001 /* BeeGarden.app */,
			);
			name = Products;
			sourceTree = "<group>";
		};
		GRPAPP /* BeeGarden */ = {
			isa = PBXGroup;
			children = (
				A00001 /* BeeGardenApp.swift */,
				A00002 /* ContentView.swift */,
				GRPDS /* DesignSystem */,
				GRPMDL /* Models */,
				GRPST /* State */,
				GRPVW /* Views */,
			);
			path = BeeGarden;
			sourceTree = "<group>";
		};
		GRPDS /* DesignSystem */ = {
			isa = PBXGroup;
			children = (
				A00003 /* Colors.swift */,
				A00004 /* Typography.swift */,
				A00005 /* BeeCardStyle.swift */,
			);
			path = DesignSystem;
			sourceTree = "<group>";
		};
		GRPMDL /* Models */ = {
			isa = PBXGroup;
			children = (
				A00006 /* Models.swift */,
			);
			path = Models;
			sourceTree = "<group>";
		};
		GRPST /* State */ = {
			isa = PBXGroup;
			children = (
				A00007 /* GameState.swift */,
			);
			path = State;
			sourceTree = "<group>";
		};
		GRPVW /* Views */ = {
			isa = PBXGroup;
			children = (
				GRPSHARED /* Shared */,
				GRPFARM /* Farm */,
				GRPHIVE /* Hives */,
				GRPMKT /* Market */,
				GRPSEED /* Seeds */,
				GRPNPC /* NPC */,
			);
			path = Views;
			sourceTree = "<group>";
		};
		GRPSHARED /* Shared */ = {
			isa = PBXGroup;
			children = (
				A00008 /* BeeHeader.swift */,
			);
			path = Shared;
			sourceTree = "<group>";
		};
		GRPFARM /* Farm */ = {
			isa = PBXGroup;
			children = (
				A00009 /* FarmView.swift */,
			);
			path = Farm;
			sourceTree = "<group>";
		};
		GRPHIVE /* Hives */ = {
			isa = PBXGroup;
			children = (
				A00011 /* HivesView.swift */,
			);
			path = Hives;
			sourceTree = "<group>";
		};
		GRPMKT /* Market */ = {
			isa = PBXGroup;
			children = (
				A00012 /* MarketView.swift */,
			);
			path = Market;
			sourceTree = "<group>";
		};
		GRPSEED /* Seeds */ = {
			isa = PBXGroup;
			children = (
				A00010 /* SeedPouchView.swift */,
			);
			path = Seeds;
			sourceTree = "<group>";
		};
		GRPNPC /* NPC */ = {
			isa = PBXGroup;
			children = (
				A00013 /* NPCRequestView.swift */,
			);
			path = NPC;
			sourceTree = "<group>";
		};
/* End PBXGroup section */

/* Begin PBXNativeTarget section */
		TGT001 /* BeeGarden */ = {
			isa = PBXNativeTarget;
			buildConfigurationList = CFGLIST;
			buildPhases = (
				SRC001,
				FRMWK01,
				RES001,
			);
			buildRules = ();
			dependencies = ();
			name = BeeGarden;
			productName = BeeGarden;
			productReference = PROD001 /* BeeGarden.app */;
			productType = "com.apple.product-type.application";
		};
/* End PBXNativeTarget section */

/* Begin PBXProject section */
		PROJ001 /* Project object */ = {
			isa = PBXProject;
			attributes = {
				BuildIndependentTargetsInParallel = 1;
				LastSwiftUpdateCheck = 1500;
				LastUpgradeCheck = 1500;
				TargetAttributes = {
					TGT001 = {
						CreatedOnToolsVersion = 15.0;
					};
				};
			};
			buildConfigurationList = PROJCFG;
			compatibilityVersion = "Xcode 14.0";
			developmentRegion = en;
			hasScannedForEncodings = 0;
			knownRegions = (
				en,
				Base,
			);
			mainGroup = ROOT;
			productRefGroup = PROD000 /* Products */;
			projectDirPath = "";
			projectRoot = "";
			targets = (
				TGT001 /* BeeGarden */,
			);
		};
/* End PBXProject section */

/* Begin PBXResourcesBuildPhase section */
		RES001 = {
			isa = PBXResourcesBuildPhase;
			buildActionMask = 2147483647;
			files = ();
			runOnlyForDeploymentPostprocessing = 0;
		};
/* End PBXResourcesBuildPhase section */

/* Begin PBXSourcesBuildPhase section */
		SRC001 = {
			isa = PBXSourcesBuildPhase;
			buildActionMask = 2147483647;
			files = (
				B00001 /* BeeGardenApp.swift in Sources */,
				B00002 /* ContentView.swift in Sources */,
				B00003 /* Colors.swift in Sources */,
				B00004 /* Typography.swift in Sources */,
				B00005 /* BeeCardStyle.swift in Sources */,
				B00006 /* Models.swift in Sources */,
				B00007 /* GameState.swift in Sources */,
				B00008 /* BeeHeader.swift in Sources */,
				B00009 /* FarmView.swift in Sources */,
				B00010 /* SeedPouchView.swift in Sources */,
				B00011 /* HivesView.swift in Sources */,
				B00012 /* MarketView.swift in Sources */,
				B00013 /* NPCRequestView.swift in Sources */,
			);
			runOnlyForDeploymentPostprocessing = 0;
		};
/* End PBXSourcesBuildPhase section */

/* Begin XCBuildConfiguration section */
		CFG001 /* Debug */ = {
			isa = XCBuildConfiguration;
			buildSettings = {
				ALWAYS_SEARCH_USER_PATHS = NO;
				ASSETCATALOG_COMPILER_GENERATE_SWIFT_ASSET_SYMBOL_EXTENSIONS = YES;
				CLANG_ANALYZER_NONNULL = YES;
				CLANG_ANALYZER_NUMBER_OBJECT_CONVERSION = YES_AGGRESSIVE;
				CLANG_CXX_LANGUAGE_STANDARD = "gnu++20";
				CLANG_ENABLE_MODULES = YES;
				CLANG_ENABLE_OBJC_ARC = YES;
				CLANG_ENABLE_OBJC_WEAK = YES;
				CLANG_WARN_BLOCK_CAPTURE_AUTORELEASING = YES;
				CLANG_WARN_BOOL_CONVERSION = YES;
				CLANG_WARN_COMMA = YES;
				CLANG_WARN_CONSTANT_CONVERSION = YES;
				CLANG_WARN_DEPRECATED_OBJC_IMPLEMENTATIONS = YES;
				CLANG_WARN_DIRECT_OBJC_ISA_USAGE = YES_ERROR;
				CLANG_WARN_DOCUMENTATION_COMMENTS = YES;
				CLANG_WARN_EMPTY_BODY = YES;
				CLANG_WARN_ENUM_CONVERSION = YES;
				CLANG_WARN_INFINITE_RECURSION = YES;
				CLANG_WARN_INT_CONVERSION = YES;
				CLANG_WARN_NON_LITERAL_NULL_CONVERSION = YES;
				CLANG_WARN_OBJC_IMPLICIT_RETAIN_SELF = YES;
				CLANG_WARN_OBJC_LITERAL_CONVERSION = YES;
				CLANG_WARN_OBJC_ROOT_CLASS = YES_ERROR;
				CLANG_WARN_QUOTED_INCLUDE_IN_FRAMEWORK_HEADER = YES;
				CLANG_WARN_RANGE_LOOP_ANALYSIS = YES;
				CLANG_WARN_STRICT_PROTOTYPES = YES;
				CLANG_WARN_SUSPICIOUS_MOVE = YES;
				CLANG_WARN_UNINITIALIZED = YES;
				CLANG_WARN_UNREACHABLE_CODE = YES;
				CLANG_WARN__DUPLICATE_METHOD_MATCH = YES;
				COPY_PHASE_STRIP = NO;
				DEBUG_INFORMATION_FORMAT = dwarf;
				ENABLE_STRICT_OBJC_MSGSEND = YES;
				ENABLE_TESTABILITY = YES;
				ENABLE_USER_SCRIPT_SANDBOXING = YES;
				GCC_C_LANGUAGE_STANDARD = gnu17;
				GCC_DYNAMIC_NO_PIC = NO;
				GCC_NO_COMMON_BLOCKS = YES;
				GCC_OPTIMIZATION_LEVEL = 0;
				GCC_PREPROCESSOR_DEFINITIONS = (
					"DEBUG=1",
					"$(inherited)",
				);
				GCC_WARN_64_TO_32_BIT_CONVERSION = YES;
				GCC_WARN_ABOUT_RETURN_TYPE = YES_ERROR;
				GCC_WARN_UNDECLARED_SELECTOR = YES;
				GCC_WARN_UNINITIALIZED_AUTOS = YES_AGGRESSIVE;
				GCC_WARN_UNUSED_FUNCTION = YES;
				GCC_WARN_UNUSED_VARIABLE = YES;
				IPHONEOS_DEPLOYMENT_TARGET = 17.0;
				MTL_ENABLE_DEBUG_INFO = INCLUDE_SOURCE;
				MTL_FAST_MATH = YES;
				ONLY_ACTIVE_ARCH = YES;
				SDKROOT = iphoneos;
				SWIFT_ACTIVE_COMPILATION_CONDITIONS = "DEBUG $(inherited)";
				SWIFT_OPTIMIZATION_LEVEL = "-Onone";
			};
			name = Debug;
		};
		CFG002 /* Release */ = {
			isa = XCBuildConfiguration;
			buildSettings = {
				ALWAYS_SEARCH_USER_PATHS = NO;
				ASSETCATALOG_COMPILER_GENERATE_SWIFT_ASSET_SYMBOL_EXTENSIONS = YES;
				CLANG_ANALYZER_NONNULL = YES;
				CLANG_ANALYZER_NUMBER_OBJECT_CONVERSION = YES_AGGRESSIVE;
				CLANG_CXX_LANGUAGE_STANDARD = "gnu++20";
				CLANG_ENABLE_MODULES = YES;
				CLANG_ENABLE_OBJC_ARC = YES;
				CLANG_ENABLE_OBJC_WEAK = YES;
				CLANG_WARN_BLOCK_CAPTURE_AUTORELEASING = YES;
				CLANG_WARN_BOOL_CONVERSION = YES;
				CLANG_WARN_COMMA = YES;
				CLANG_WARN_CONSTANT_CONVERSION = YES;
				CLANG_WARN_DEPRECATED_OBJC_IMPLEMENTATIONS = YES;
				CLANG_WARN_DIRECT_OBJC_ISA_USAGE = YES_ERROR;
				CLANG_WARN_DOCUMENTATION_COMMENTS = YES;
				CLANG_WARN_EMPTY_BODY = YES;
				CLANG_WARN_ENUM_CONVERSION = YES;
				CLANG_WARN_INFINITE_RECURSION = YES;
				CLANG_WARN_INT_CONVERSION = YES;
				CLANG_WARN_NON_LITERAL_NULL_CONVERSION = YES;
				CLANG_WARN_OBJC_IMPLICIT_RETAIN_SELF = YES;
				CLANG_WARN_OBJC_LITERAL_CONVERSION = YES;
				CLANG_WARN_OBJC_ROOT_CLASS = YES_ERROR;
				CLANG_WARN_QUOTED_INCLUDE_IN_FRAMEWORK_HEADER = YES;
				CLANG_WARN_RANGE_LOOP_ANALYSIS = YES;
				CLANG_WARN_STRICT_PROTOTYPES = YES;
				CLANG_WARN_SUSPICIOUS_MOVE = YES;
				CLANG_WARN_UNINITIALIZED = YES;
				CLANG_WARN_UNREACHABLE_CODE = YES;
				CLANG_WARN__DUPLICATE_METHOD_MATCH = YES;
				COPY_PHASE_STRIP = NO;
				DEBUG_INFORMATION_FORMAT = "dwarf-with-dsym";
				ENABLE_NS_ASSERTIONS = NO;
				ENABLE_STRICT_OBJC_MSGSEND = YES;
				ENABLE_USER_SCRIPT_SANDBOXING = YES;
				GCC_C_LANGUAGE_STANDARD = gnu17;
				GCC_NO_COMMON_BLOCKS = YES;
				GCC_WARN_64_TO_32_BIT_CONVERSION = YES;
				GCC_WARN_ABOUT_RETURN_TYPE = YES_ERROR;
				GCC_WARN_UNDECLARED_SELECTOR = YES;
				GCC_WARN_UNINITIALIZED_AUTOS = YES_AGGRESSIVE;
				GCC_WARN_UNUSED_FUNCTION = YES;
				GCC_WARN_UNUSED_VARIABLE = YES;
				IPHONEOS_DEPLOYMENT_TARGET = 17.0;
				MTL_FAST_MATH = YES;
				SDKROOT = iphoneos;
				SWIFT_COMPILATION_MODE = wholemodule;
				VALIDATE_PRODUCT = YES;
			};
			name = Release;
		};
		CFG003 /* Debug */ = {
			isa = XCBuildConfiguration;
			buildSettings = {
				ASSETCATALOG_COMPILER_APPICON_NAME = AppIcon;
				ASSETCATALOG_COMPILER_GLOBAL_ACCENT_COLOR_NAME = AccentColor;
				CODE_SIGN_STYLE = Automatic;
				CURRENT_PROJECT_VERSION = 1;
				DEVELOPMENT_ASSET_PATHS = "";
				ENABLE_PREVIEWS = YES;
				GENERATE_INFOPLIST_FILE = YES;
				INFOPLIST_KEY_UIApplicationSceneManifest_Generation = YES;
				INFOPLIST_KEY_UIApplicationSupportsIndirectInputEvents = YES;
				INFOPLIST_KEY_UILaunchScreen_Generation = YES;
				INFOPLIST_KEY_UISupportedInterfaceOrientations_iPhone = UIInterfaceOrientationPortrait;
				LD_RUNPATH_SEARCH_PATHS = (
					"$(inherited)",
					"@executable_path/Frameworks",
				);
				MARKETING_VERSION = 0.1;
				PRODUCT_BUNDLE_IDENTIFIER = tech.skinetics.beegarden;
				PRODUCT_NAME = "$(TARGET_NAME)";
				SWIFT_EMIT_LOC_STRINGS = YES;
				SWIFT_VERSION = 5.0;
				TARGETED_DEVICE_FAMILY = 1;
			};
			name = Debug;
		};
		CFG004 /* Release */ = {
			isa = XCBuildConfiguration;
			buildSettings = {
				ASSETCATALOG_COMPILER_APPICON_NAME = AppIcon;
				ASSETCATALOG_COMPILER_GLOBAL_ACCENT_COLOR_NAME = AccentColor;
				CODE_SIGN_STYLE = Automatic;
				CURRENT_PROJECT_VERSION = 1;
				DEVELOPMENT_ASSET_PATHS = "";
				ENABLE_PREVIEWS = YES;
				GENERATE_INFOPLIST_FILE = YES;
				INFOPLIST_KEY_UIApplicationSceneManifest_Generation = YES;
				INFOPLIST_KEY_UIApplicationSupportsIndirectInputEvents = YES;
				INFOPLIST_KEY_UILaunchScreen_Generation = YES;
				INFOPLIST_KEY_UISupportedInterfaceOrientations_iPhone = UIInterfaceOrientationPortrait;
				LD_RUNPATH_SEARCH_PATHS = (
					"$(inherited)",
					"@executable_path/Frameworks",
				);
				MARKETING_VERSION = 0.1;
				PRODUCT_BUNDLE_IDENTIFIER = tech.skinetics.beegarden;
				PRODUCT_NAME = "$(TARGET_NAME)";
				SWIFT_EMIT_LOC_STRINGS = YES;
				SWIFT_VERSION = 5.0;
				TARGETED_DEVICE_FAMILY = 1;
			};
			name = Release;
		};
/* End XCBuildConfiguration section */

/* Begin XCConfigurationList section */
		PROJCFG /* Build configuration list for PBXProject "BeeGarden" */ = {
			isa = XCConfigurationList;
			buildConfigurations = (
				CFG001 /* Debug */,
				CFG002 /* Release */,
			);
			defaultConfigurationIsVisible = 0;
			defaultConfigurationName = Release;
		};
		CFGLIST /* Build configuration list for PBXNativeTarget "BeeGarden" */ = {
			isa = XCConfigurationList;
			buildConfigurations = (
				CFG003 /* Debug */,
				CFG004 /* Release */,
			);
			defaultConfigurationIsVisible = 0;
			defaultConfigurationName = Release;
		};
/* End XCConfigurationList section */

	};
	rootObject = PROJ001 /* Project object */;
}
